
Microsoft Visual Studio Solution File, Format Version 12.00
# Visual Studio 2013
VisualStudioVersion = 12.0.21005.1
MinimumVisualStudioVersion = 10.0.40219.1
Project("{2150E333-8FDC-42A3-9474-1A3956D46DE8}") = "SRP", "SRP", "{88AAC915-CA51-4905-A9D4-70EBE8FAB996}"
EndProject
Project("{2150E333-8FDC-42A3-9474-1A3956D46DE8}") = "OCP", "OCP", "{4A67BBD1-E1CE-4098-A365-BD8859FA2F2B}"
EndProject
Project("{2150E333-8FDC-42A3-9474-1A3956D46DE8}") = "LSP", "LSP", "{F937CE12-48AC-4C89-B634-FD7661B5D38F}"
EndProject
Project("{2150E333-8FDC-42A3-9474-1A3956D46DE8}") = "ISP", "ISP", "{43A93675-3422-44EA-B5DC-C6F85B2544C6}"
EndProject
Project("{2150E333-8FDC-42A3-9474-1A3956D46DE8}") = "DIP", "DIP", "{5E7F451A-E312-4E11-B339-1367D4EB0B43}"
EndProject
Project("{FAE04EC0-301F-11D3-BF4B-00C04F79EFBC}") = "Before", "SRP\Before\Before.csproj", "{32371B05-18F6-40F4-A868-18847520BBE9}"
EndProject
Project("{FAE04EC0-301F-11D3-BF4B-00C04F79EFBC}") = "After", "SRP\After\After.csproj", "{2E2287A3-0BF5-4BC2-A266-E1998D3F2F44}"
EndProject
Project("{FAE04EC0-301F-11D3-BF4B-00C04F79EFBC}") = "Before", "OCP\Before\Before.csproj", "{2F0D0B87-557A-4586-87F8-3C3C9C091029}"
EndProject
Project("{FAE04EC0-301F-11D3-BF4B-00C04F79EFBC}") = "After", "OCP\After\After.csproj", "{60E19824-B4E7-4516-A27A-B50598826849}"
EndProject
Project("{FAE04EC0-301F-11D3-BF4B-00C04F79EFBC}") = "Before", "LSP\Before\Before.csproj", "{854FBED0-7E84-4DDF-B415-EBB5D924D9C8}"
EndProject
Project("{FAE04EC0-301F-11D3-BF4B-00C04F79EFBC}") = "After", "LSP\After\After.csproj", "{25D9A820-0D2E-4BFC-8881-AA4EF0F0715D}"
EndProject
Project("{FAE04EC0-301F-11D3-BF4B-00C04F79EFBC}") = "Before", "ISP\Before\Before.csproj", "{B7DAB4EF-0CB8-4093-AF2B-D60621A82B29}"
EndProject
Project("{FAE04EC0-301F-11D3-BF4B-00C04F79EFBC}") = "After", "ISP\After\After.csproj", "{3FA6D034-2A4A-459B-86A6-26220A0EE4E6}"
EndProject
Project("{FAE04EC0-301F-11D3-BF4B-00C04F79EFBC}") = "Before", "DIP\Before\Before.csproj", "{FD4B5B74-95C3-4FFB-9303-E177FE9CA4E1}"
EndProject
Project("{FAE04EC0-301F-11D3-BF4B-00C04F79EFBC}") = "After", "DIP\After\After.csproj", "{6E233DCC-003E-430B-AB54-D10558AC6EAE}"
EndProject
Global
	GlobalSection(SolutionConfigurationPlatforms) = preSolution
		Debug|Any CPU = Debug|Any CPU
		Release|Any CPU = Release|Any CPU
	EndGlobalSection
	GlobalSection(ProjectConfigurationPlatforms) = postSolution
		{32371B05-18F6-40F4-A868-18847520BBE9}.Debug|Any CPU.ActiveCfg = Debug|Any CPU
		{32371B05-18F6-40F4-A868-18847520BBE9}.Debug|Any CPU.Build.0 = Debug|Any CPU
		{32371B05-18F6-40F4-A868-18847520BBE9}.Release|Any CPU.ActiveCfg = Release|Any CPU
		{32371B05-18F6-40F4-A868-18847520BBE9}.Release|Any CPU.Build.0 = Release|Any CPU
		{2E2287A3-0BF5-4BC2-A266-E1998D3F2F44}.Debug|Any CPU.ActiveCfg = Debug|Any CPU
		{2E2287A3-0BF5-4BC2-A266-E1998D3F2F44}.Debug|Any CPU.Build.0 = Debug|Any CPU
		{2E2287A3-0BF5-4BC2-A266-E1998D3F2F44}.Release|Any CPU.ActiveCfg = Release|Any CPU
		{2E2287A3-0BF5-4BC2-A266-E1998D3F2F44}.Release|Any CPU.Build.0 = Release|Any CPU
		{2F0D0B87-557A-4586-87F8-3C3C9C091029}.Debug|Any CPU.ActiveCfg = Debug|Any CPU
		{2F0D0B87-557A-4586-87F8-3C3C9C091029}.Debug|Any CPU.Build.0 = Debug|Any CPU
		{2F0D0B87-557A-4586-87F8-3C3C9C091029}.Release|Any CPU.ActiveCfg = Release|Any CPU
		{2F0D0B87-557A-4586-87F8-3C3C9C091029}.Release|Any CPU.Build.0 = Release|Any CPU
		{60E19824-B4E7-4516-A27A-B50598826849}.Debug|Any CPU.ActiveCfg = Debug|Any CPU
		{60E19824-B4E7-4516-A27A-B50598826849}.Debug|Any CPU.Build.0 = Debug|Any CPU
		{60E19824-B4E7-4516-A27A-B50598826849}.Release|Any CPU.ActiveCfg = Release|Any CPU
		{60E19824-B4E7-4516-A27A-B50598826849}.Release|Any CPU.Build.0 = Release|Any CPU
		{854FBED0-7E84-4DDF-B415-EBB5D924D9C8}.Debug|Any CPU.ActiveCfg = Debug|Any CPU
		{854FBED0-7E84-4DDF-B415-EBB5D924D9C8}.Debug|Any CPU.Build.0 = Debug|Any CPU
		{854FBED0-7E84-4DDF-B415-EBB5D924D9C8}.Release|Any CPU.ActiveCfg = Release|Any CPU
		{854FBED0-7E84-4DDF-B415-EBB5D924D9C8}.Release|Any CPU.Build.0 = Release|Any CPU
		{25D9A820-0D2E-4BFC-8881-AA4EF0F0715D}.Debug|Any CPU.ActiveCfg = Debug|Any CPU
		{25D9A820-0D2E-4BFC-8881-AA4EF0F0715D}.Debug|Any CPU.Build.0 = Debug|Any CPU
		{25D9A820-0D2E-4BFC-8881-AA4EF0F0715D}.Release|Any CPU.ActiveCfg = Release|Any CPU
		{25D9A820-0D2E-4BFC-8881-AA4EF0F0715D}.Release|Any CPU.Build.0 = Release|Any CPU
		{B7DAB4EF-0CB8-4093-AF2B-D60621A82B29}.Debug|Any CPU.ActiveCfg = Debug|Any CPU
		{B7DAB4EF-0CB8-4093-AF2B-D60621A82B29}.Debug|Any CPU.Build.0 = Debug|Any CPU
		{B7DAB4EF-0CB8-4093-AF2B-D60621A82B29}.Release|Any CPU.ActiveCfg = Release|Any CPU
		{B7DAB4EF-0CB8-4093-AF2B-D60621A82B29}.Release|Any CPU.Build.0 = Release|Any CPU
		{3FA6D034-2A4A-459B-86A6-26220A0EE4E6}.Debug|Any CPU.ActiveCfg = Debug|Any CPU
		{3FA6D034-2A4A-459B-86A6-26220A0EE4E6}.Debug|Any CPU.Build.0 = Debug|Any CPU
		{3FA6D034-2A4A-459B-86A6-26220A0EE4E6}.Release|Any CPU.ActiveCfg = Release|Any CPU
		{3FA6D034-2A4A-459B-86A6-26220A0EE4E6}.Release|Any CPU.Build.0 = Release|Any CPU
		{FD4B5B74-95C3-4FFB-9303-E177FE9CA4E1}.Debug|Any CPU.ActiveCfg = Debug|Any CPU
		{FD4B5B74-95C3-4FFB-9303-E177FE9CA4E1}.Debug|Any CPU.Build.0 = Debug|Any CPU
		{FD4B5B74-95C3-4FFB-9303-E177FE9CA4E1}.Release|Any CPU.ActiveCfg = Release|Any CPU
		{FD4B5B74-95C3-4FFB-9303-E177FE9CA4E1}.Release|Any CPU.Build.0 = Release|Any CPU
		{6E233DCC-003E-430B-AB54-D10558AC6EAE}.Debug|Any CPU.ActiveCfg = Debug|Any CPU
		{6E233DCC-003E-430B-AB54-D10558AC6EAE}.Debug|Any CPU.Build.0 = Debug|Any CPU
		{6E233DCC-003E-430B-AB54-D10558AC6EAE}.Release|Any CPU.ActiveCfg = Release|Any CPU
		{6E233DCC-003E-430B-AB54-D10558AC6EAE}.Release|Any CPU.Build.0 = Release|Any CPU
	EndGlobalSection
	GlobalSection(SolutionProperties) = preSolution
		HideSolutionNode = FALSE
	EndGlobalSection
	GlobalSection(NestedProjects) = preSolution
		{32371B05-18F6-40F4-A868-18847520BBE9} = {88AAC915-CA51-4905-A9D4-70EBE8FAB996}
		{2E2287A3-0BF5-4BC2-A266-E1998D3F2F44} = {88AAC915-CA51-4905-A9D4-70EBE8FAB996}
		{2F0D0B87-557A-4586-87F8-3C3C9C091029} = {4A67BBD1-E1CE-4098-A365-BD8859FA2F2B}
		{60E19824-B4E7-4516-A27A-B50598826849} = {4A67BBD1-E1CE-4098-A365-BD8859FA2F2B}
		{854FBED0-7E84-4DDF-B415-EBB5D924D9C8} = {F937CE12-48AC-4C89-B634-FD7661B5D38F}
		{25D9A820-0D2E-4BFC-8881-AA4EF0F0715D} = {F937CE12-48AC-4C89-B634-FD7661B5D38F}
		{B7DAB4EF-0CB8-4093-AF2B-D60621A82B29} = {43A93675-3422-44EA-B5DC-C6F85B2544C6}
		{3FA6D034-2A4A-459B-86A6-26220A0EE4E6} = {43A93675-3422-44EA-B5DC-C6F85B2544C6}
		{FD4B5B74-95C3-4FFB-9303-E177FE9CA4E1} = {5E7F451A-E312-4E11-B339-1367D4EB0B43}
		{6E233DCC-003E-430B-AB54-D10558AC6EAE} = {5E7F451A-E312-4E11-B339-1367D4EB0B43}
	EndGlobalSection
EndGlobal
